
Microsoft Visual Studio Solution File, Format Version 12.00
# Visual Studio 15
VisualStudioVersion = 15.0.28307.271
MinimumVisualStudioVersion = 10.0.40219.1
Project("{FAE04EC0-301F-11D3-BF4B-00C04F79EFBC}") = "DAL", "DAL\DAL.csproj", "{5F9FAB7B-0105-4CAE-807D-59D36510BE18}"
EndProject
Project("{FAE04EC0-301F-11D3-BF4B-00C04F79EFBC}") = "BLL", "BLL\BLL.csproj", "{40F4AC0F-40DC-4064-BDD1-685F964D79A8}"
EndProject
Project("{FAE04EC0-301F-11D3-BF4B-00C04F79EFBC}") = "DATA", "DATA\DATA.csproj", "{5E20648F-867E-4B1A-BC78-527BE8E28688}"
EndProject
Project("{FAE04EC0-301F-11D3-BF4B-00C04F79EFBC}") = "UI", "UI\UI.csproj", "{D4063B48-C463-4ADC-A93D-9D3574359D59}"
EndProject
Global
	GlobalSection(SolutionConfigurationPlatforms) = preSolution
		Debug|Any CPU = Debug|Any CPU
		Release|Any CPU = Release|Any CPU
	EndGlobalSection
	GlobalSection(ProjectConfigurationPlatforms) = postSolution
		{5F9FAB7B-0105-4CAE-807D-59D36510BE18}.Debug|Any CPU.ActiveCfg = Debug|Any CPU
		{5F9FAB7B-0105-4CAE-807D-59D36510BE18}.Debug|Any CPU.Build.0 = Debug|Any CPU
		{5F9FAB7B-0105-4CAE-807D-59D36510BE18}.Release|Any CPU.ActiveCfg = Release|Any CPU
		{5F9FAB7B-0105-4CAE-807D-59D36510BE18}.Release|Any CPU.Build.0 = Release|Any CPU
		{40F4AC0F-40DC-4064-BDD1-685F964D79A8}.Debug|Any CPU.ActiveCfg = Debug|Any CPU
		{40F4AC0F-40DC-4064-BDD1-685F964D79A8}.Debug|Any CPU.Build.0 = Debug|Any CPU
		{40F4AC0F-40DC-4064-BDD1-685F964D79A8}.Release|Any CPU.ActiveCfg = Release|Any CPU
		{40F4AC0F-40DC-4064-BDD1-685F964D79A8}.Release|Any CPU.Build.0 = Release|Any CPU
		{5E20648F-867E-4B1A-BC78-527BE8E28688}.Debug|Any CPU.ActiveCfg = Debug|Any CPU
		{5E20648F-867E-4B1A-BC78-527BE8E28688}.Debug|Any CPU.Build.0 = Debug|Any CPU
		{5E20648F-867E-4B1A-BC78-527BE8E28688}.Release|Any CPU.ActiveCfg = Release|Any CPU
		{5E20648F-867E-4B1A-BC78-527BE8E28688}.Release|Any CPU.Build.0 = Release|Any CPU
		{D4063B48-C463-4ADC-A93D-9D3574359D59}.Debug|Any CPU.ActiveCfg = Debug|Any CPU
		{D4063B48-C463-4ADC-A93D-9D3574359D59}.Debug|Any CPU.Build.0 = Debug|Any CPU
		{D4063B48-C463-4ADC-A93D-9D3574359D59}.Release|Any CPU.ActiveCfg = Release|Any CPU
		{D4063B48-C463-4ADC-A93D-9D3574359D59}.Release|Any CPU.Build.0 = Release|Any CPU
	EndGlobalSection
	GlobalSection(SolutionProperties) = preSolution
		HideSolutionNode = FALSE
	EndGlobalSection
	GlobalSection(ExtensibilityGlobals) = postSolution
		SolutionGuid = {3FA63A9C-E6A1-4B60-8F13-59FFAD3B0398}
	EndGlobalSection
EndGlobal
